
Microsoft Visual Studio Solution File, Format Version 12.00
# Visual Studio Version 16
VisualStudioVersion = 16.0.31025.194
MinimumVisualStudioVersion = 10.0.40219.1
Project("{FAE04EC0-301F-11D3-BF4B-00C04F79EFBC}") = "OnlineShopWindowsApp", "OnlineShopWindowsApp\OnlineShopWindowsApp.csproj", "{A689170E-C6C4-447F-A4A7-BD198803B24E}"
EndProject
Global
	GlobalSection(SolutionConfigurationPlatforms) = preSolution
		Debug|Any CPU = Debug|Any CPU
		Release|Any CPU = Release|Any CPU
	EndGlobalSection
	GlobalSection(ProjectConfigurationPlatforms) = postSolution
		{A689170E-C6C4-447F-A4A7-BD198803B24E}.Debug|Any CPU.ActiveCfg = Debug|Any CPU
		{A689170E-C6C4-447F-A4A7-BD198803B24E}.Debug|Any CPU.Build.0 = Debug|Any CPU
		{A689170E-C6C4-447F-A4A7-BD198803B24E}.Release|Any CPU.ActiveCfg = Release|Any CPU
		{A689170E-C6C4-447F-A4A7-BD198803B24E}.Release|Any CPU.Build.0 = Release|Any CPU
	EndGlobalSection
	GlobalSection(SolutionProperties) = preSolution
		HideSolutionNode = FALSE
	EndGlobalSection
	GlobalSection(ExtensibilityGlobals) = postSolution
		SolutionGuid = {28899497-C81E-4CB4-A9E3-B2DCB44A942D}
	EndGlobalSection
EndGlobal
